
Microsoft Visual Studio Solution File, Format Version 12.00
# Visual Studio Version 17
VisualStudioVersion = 17.7.34031.279
MinimumVisualStudioVersion = 10.0.40219.1
Project("{FAE04EC0-301F-11D3-BF4B-00C04F79EFBC}") = "OrderServiceDaprFun", "OrderServiceDaprFun.csproj", "{67676CEC-F087-4405-A09D-D1B1E2710FE1}"
EndProject
Global
	GlobalSection(SolutionConfigurationPlatforms) = preSolution
		Debug|Any CPU = Debug|Any CPU
		Release|Any CPU = Release|Any CPU
	EndGlobalSection
	GlobalSection(ProjectConfigurationPlatforms) = postSolution
		{67676CEC-F087-4405-A09D-D1B1E2710FE1}.Debug|Any CPU.ActiveCfg = Debug|Any CPU
		{67676CEC-F087-4405-A09D-D1B1E2710FE1}.Debug|Any CPU.Build.0 = Debug|Any CPU
		{67676CEC-F087-4405-A09D-D1B1E2710FE1}.Release|Any CPU.ActiveCfg = Release|Any CPU
		{67676CEC-F087-4405-A09D-D1B1E2710FE1}.Release|Any CPU.Build.0 = Release|Any CPU
	EndGlobalSection
	GlobalSection(SolutionProperties) = preSolution
		HideSolutionNode = FALSE
	EndGlobalSection
	GlobalSection(ExtensibilityGlobals) = postSolution
		SolutionGuid = {75F017A6-D74B-44C9-9E66-D96DB7DA3F13}
	EndGlobalSection
EndGlobal
